<?xml version="1.0" encoding="utf-8"?>
<Project ToolsVersion="4.0" xmlns="http://schemas.microsoft.com/developer/msbuild/2003">
  <ItemGroup>
    <Filter Include="Archivos de origen">
      <UniqueIdentifier>{4FC737F1-C7A5-4376-A066-2A32D752A2FF}</UniqueIdentifier>
      <Extensions>cpp;c;cc;cxx;c++;cppm;ixx;def;odl;idl;hpj;bat;asm;asmx</Extensions>
    </Filter>
    <Filter Include="Archivos de encabezado">
      <UniqueIdentifier>{93995380-89BD-4b04-88EB-625FBE52EBFB}</UniqueIdentifier>
      <Extensions>h;hh;hpp;hxx;h++;hm;inl;inc;ipp;xsd</Extensions>
    </Filter>
    <Filter Include="Archivos de recursos">
      <UniqueIdentifier>{67DA6AB6-F800-4c08-8B7A-83BB121AAD01}</UniqueIdentifier>
      <Extensions>rc;ico;cur;bmp;dlg;rc2;rct;bin;rgs;gif;jpg;jpeg;jpe;resx;tiff;tif;png;wav;mfcribbon-ms</Extensions>
    </Filter>
    <Filter Include="Archivos de encabezado\Viaje">
      <UniqueIdentifier>{42434879-dfa6-45f1-95ec-9b60183fa90e}</UniqueIdentifier>
    </Filter>
    <Filter Include="Archivos de encabezado\Encomienda">
      <UniqueIdentifier>{c44a42cf-2538-4b59-8aad-aacadd6613cd}</UniqueIdentifier>
    </Filter>
    <Filter Include="Archivos de encabezado\Algoritmos">
      <UniqueIdentifier>{6b71cd79-48b9-4a1d-9bef-e202d31bf2d2}</UniqueIdentifier>
    </Filter>
  </ItemGroup>
  <ItemGroup>
    <ClCompile Include="main.cpp">
      <Filter>Archivos de origen</Filter>
    </ClCompile>
  </ItemGroup>
  <ItemGroup>
    <ClInclude Include="Libraries.h">
      <Filter>Archivos de encabezado</Filter>
    </ClInclude>
    <ClInclude Include="Persona.h">
      <Filter>Archivos de encabezado</Filter>
    </ClInclude>
    <ClInclude Include="Rutas.h">
      <Filter>Archivos de encabezado</Filter>
    </ClInclude>
    <ClInclude Include="VehiculoTransporte.h">
      <Filter>Archivos de encabezado</Filter>
    </ClInclude>
    <ClInclude Include="ControladorDataSet.h">
      <Filter>Archivos de encabezado</Filter>
    </ClInclude>
    <ClInclude Include="Viaje.h">
      <Filter>Archivos de encabezado\Viaje</Filter>
    </ClInclude>
    <ClInclude Include="ControladorViajes.h">
      <Filter>Archivos de encabezado\Viaje</Filter>
    </ClInclude>
    <ClInclude Include="objetoEncomienda.h">
      <Filter>Archivos de encabezado\Encomienda</Filter>
    </ClInclude>
    <ClInclude Include="Encomienda.h">
      <Filter>Archivos de encabezado\Encomienda</Filter>
    </ClInclude>
    <ClInclude Include="ControladorEncomiendas.h">
      <Filter>Archivos de encabezado\Encomienda</Filter>
    </ClInclude>
    <ClInclude Include="NodoLista.h">
      <Filter>Archivos de encabezado\Algoritmos</Filter>
    </ClInclude>
    <ClInclude Include="NodoArbol.h">
      <Filter>Archivos de encabezado\Algoritmos</Filter>
    </ClInclude>
    <ClInclude Include="Grafo.h">
      <Filter>Archivos de encabezado\Algoritmos</Filter>
    </ClInclude>
    <ClInclude Include="HashTable.h">
      <Filter>Archivos de encabezado\Algoritmos</Filter>
    </ClInclude>
  </ItemGroup>
</Project>